{
	"name": "@rola/log",
	"version": "0.2.6",
	"lockfileVersion": 1,
	"requires": true,
	"dependencies": {
		"ansi-colors": {
			"version": "3.2.4",
			"resolved": "https://registry.npmjs.org/ansi-colors/-/ansi-colors-3.2.4.tgz",
			"integrity": "sha512-hHUXGagefjN2iRrID63xckIvotOXOojhQKWIPUZ4mNUZ9nLZW+7FMNoE1lOkEhNWYsx/7ysGIuJYCiMAA9FnrA=="
		},
		"ansi-escapes": {
			"version": "3.2.0",
			"resolved": "https://registry.npmjs.org/ansi-escapes/-/ansi-escapes-3.2.0.tgz",
			"integrity": "sha512-cBhpre4ma+U0T1oM5fXg7Dy1Jw7zzwv7lt/GoCpr+hDQJoYnKVPLL4dCvSEFMmQurOQvSrwT7SL/DAlhBI97RQ=="
		},
		"ansi-regex": {
			"version": "3.0.0",
			"resolved": "https://registry.npmjs.org/ansi-regex/-/ansi-regex-3.0.0.tgz",
			"integrity": "sha1-7QMXwyIGT3lGbAKWa922Bas32Zg="
		},
		"cli-cursor": {
			"version": "2.1.0",
			"resolved": "https://registry.npmjs.org/cli-cursor/-/cli-cursor-2.1.0.tgz",
			"integrity": "sha1-s12sN2R5+sw+lHR9QdDQ9SOP/LU=",
			"requires": {
				"restore-cursor": "^2.0.0"
			}
		},
		"is-fullwidth-code-point": {
			"version": "2.0.0",
			"resolved": "https://registry.npmjs.org/is-fullwidth-code-point/-/is-fullwidth-code-point-2.0.0.tgz",
			"integrity": "sha1-o7MKXE8ZkYMWeqq5O+764937ZU8="
		},
		"log-update": {
			"version": "2.3.0",
			"resolved": "https://registry.npmjs.org/log-update/-/log-update-2.3.0.tgz",
			"integrity": "sha1-iDKP19HOeTiykoN0bwsbwSayRwg=",
			"requires": {
				"ansi-escapes": "^3.0.0",
				"cli-cursor": "^2.0.0",
				"wrap-ansi": "^3.0.1"
			}
		},
		"mimic-fn": {
			"version": "1.2.0",
			"resolved": "https://registry.npmjs.org/mimic-fn/-/mimic-fn-1.2.0.tgz",
			"integrity": "sha512-jf84uxzwiuiIVKiOLpfYk7N46TSy8ubTonmneY9vrpHNAnp0QBt2BxWV9dO3/j+BoVAb+a5G6YDPW3M5HOdMWQ=="
		},
		"onetime": {
			"version": "2.0.1",
			"resolved": "https://registry.npmjs.org/onetime/-/onetime-2.0.1.tgz",
			"integrity": "sha1-BnQoIw/WdEOyeUsiu6UotoZ5YtQ=",
			"requires": {
				"mimic-fn": "^1.0.0"
			}
		},
		"picostate": {
			"version": "1.4.0",
			"resolved": "https://registry.npmjs.org/picostate/-/picostate-1.4.0.tgz",
			"integrity": "sha512-TPSzMJv45xNi1navjYiK6Ec3WAnHeuD3fL00Dq1Cflhly2F2eZFb2yOepu1xvCNHlMurzdk8PuTiSa2YGC8kWg=="
		},
		"restore-cursor": {
			"version": "2.0.0",
			"resolved": "https://registry.npmjs.org/restore-cursor/-/restore-cursor-2.0.0.tgz",
			"integrity": "sha1-n37ih/gv0ybU/RYpI9YhKe7g368=",
			"requires": {
				"onetime": "^2.0.0",
				"signal-exit": "^3.0.2"
			}
		},
		"signal-exit": {
			"version": "3.0.2",
			"resolved": "https://registry.npmjs.org/signal-exit/-/signal-exit-3.0.2.tgz",
			"integrity": "sha1-tf3AjxKH6hF4Yo5BXiUTK3NkbG0="
		},
		"string-width": {
			"version": "2.1.1",
			"resolved": "https://registry.npmjs.org/string-width/-/string-width-2.1.1.tgz",
			"integrity": "sha512-nOqH59deCq9SRHlxq1Aw85Jnt4w6KvLKqWVik6oA9ZklXLNIOlqg4F2yrT1MVaTjAqvVwdfeZ7w7aCvJD7ugkw==",
			"requires": {
				"is-fullwidth-code-point": "^2.0.0",
				"strip-ansi": "^4.0.0"
			}
		},
		"strip-ansi": {
			"version": "4.0.0",
			"resolved": "https://registry.npmjs.org/strip-ansi/-/strip-ansi-4.0.0.tgz",
			"integrity": "sha1-qEeQIusaw2iocTibY1JixQXuNo8=",
			"requires": {
				"ansi-regex": "^3.0.0"
			}
		},
		"wrap-ansi": {
			"version": "3.0.1",
			"resolved": "https://registry.npmjs.org/wrap-ansi/-/wrap-ansi-3.0.1.tgz",
			"integrity": "sha1-KIoE2H7aXChuBg3+jxNc6NAH+Lo=",
			"requires": {
				"string-width": "^2.1.1",
				"strip-ansi": "^4.0.0"
			}
		}
	}
}
